// !$*UTF8*$!
{
	archiveVersion = 1;
	classes = {
	};
	objectVersion = 56;
	objects = {

/* Begin PBXBuildFile section */
		22092AD52A12E00D002D70A4 /* SingleImageViewController.swift in Sources */ = {isa = PBXBuildFile; fileRef = 22092AD42A12E00D002D70A4 /* SingleImageViewController.swift */; };
		22092AEE2A1946D7002D70A4 /* UIColor+Extensions.swift in Sources */ = {isa = PBXBuildFile; fileRef = 22092AED2A1946D7002D70A4 /* UIColor+Extensions.swift */; };
		220E8F922A6719F6004A7005 /* ImagesListPresenter.swift in Sources */ = {isa = PBXBuildFile; fileRef = 220E8F912A6719F6004A7005 /* ImagesListPresenter.swift */; };
		220E8F942A6723B6004A7005 /* ImagesListDataSource.swift in Sources */ = {isa = PBXBuildFile; fileRef = 220E8F932A6723B6004A7005 /* ImagesListDataSource.swift */; };
		220E8F962A681BD2004A7005 /* ProfilePresenter.swift in Sources */ = {isa = PBXBuildFile; fileRef = 220E8F952A681BD2004A7005 /* ProfilePresenter.swift */; };
		220E8F982A6829CB004A7005 /* ProfileDataSource.swift in Sources */ = {isa = PBXBuildFile; fileRef = 220E8F972A6829CB004A7005 /* ProfileDataSource.swift */; };
		220E8F9A2A683258004A7005 /* ProfilePresenterSpy.swift in Sources */ = {isa = PBXBuildFile; fileRef = 220E8F992A683258004A7005 /* ProfilePresenterSpy.swift */; };
		220E8F9C2A6838F3004A7005 /* ProfileViewControllerSpy.swift in Sources */ = {isa = PBXBuildFile; fileRef = 220E8F9B2A6838F3004A7005 /* ProfileViewControllerSpy.swift */; };
		22305BA62A37613100D5B5AD /* Kingfisher in Frameworks */ = {isa = PBXBuildFile; productRef = 22305BA52A37613100D5B5AD /* Kingfisher */; };
		22305BA92A37A1DF00D5B5AD /* SwiftKeychainWrapper in Frameworks */ = {isa = PBXBuildFile; productRef = 22305BA82A37A1DF00D5B5AD /* SwiftKeychainWrapper */; };
		224982FA2A2B707100A85FDB /* AuthViewController.swift in Sources */ = {isa = PBXBuildFile; fileRef = 224982F92A2B707100A85FDB /* AuthViewController.swift */; };
		224982FD2A2B72F800A85FDB /* WebViewViewController.swift in Sources */ = {isa = PBXBuildFile; fileRef = 224982FC2A2B72F800A85FDB /* WebViewViewController.swift */; };
		224982FF2A2B7E0200A85FDB /* AuthConfiguration.swift in Sources */ = {isa = PBXBuildFile; fileRef = 224982FE2A2B7E0200A85FDB /* AuthConfiguration.swift */; };
		225C19432A589E0200703A52 /* ImagePlaceholderView.swift in Sources */ = {isa = PBXBuildFile; fileRef = 225C19422A589E0200703A52 /* ImagePlaceholderView.swift */; };
		225C196C2A59DCF500703A52 /* ImagesListCellDelegate.swift in Sources */ = {isa = PBXBuildFile; fileRef = 225C196B2A59DCF500703A52 /* ImagesListCellDelegate.swift */; };
		225C196E2A5B42AA00703A52 /* AlertPresenter.swift in Sources */ = {isa = PBXBuildFile; fileRef = 225C196D2A5B42AA00703A52 /* AlertPresenter.swift */; };
		225C19702A5C5D2800703A52 /* OAuth2TokenStorage.swift in Sources */ = {isa = PBXBuildFile; fileRef = 225C196F2A5C5D2800703A52 /* OAuth2TokenStorage.swift */; };
		225C19722A5C61E400703A52 /* OAuth2CookieStorage.swift in Sources */ = {isa = PBXBuildFile; fileRef = 225C19712A5C61E400703A52 /* OAuth2CookieStorage.swift */; };
		227E4E542A0D89FD00AFF8FA /* ProfileViewController.swift in Sources */ = {isa = PBXBuildFile; fileRef = 227E4E532A0D89FD00AFF8FA /* ProfileViewController.swift */; };
		229CE57C2A327867000A46E2 /* ProgressHUD in Frameworks */ = {isa = PBXBuildFile; productRef = 229CE57B2A327867000A46E2 /* ProgressHUD */; };
		22AF7A9A2A2CD30300B6FC9F /* OAuthTokenResponseBody.swift in Sources */ = {isa = PBXBuildFile; fileRef = 22AF7A992A2CD30300B6FC9F /* OAuthTokenResponseBody.swift */; };
		22AF7A9C2A2CD4B900B6FC9F /* OAuth2Service.swift in Sources */ = {isa = PBXBuildFile; fileRef = 22AF7A9B2A2CD4B900B6FC9F /* OAuth2Service.swift */; };
		22AF7AA02A2CFC4F00B6FC9F /* SplashViewController.swift in Sources */ = {isa = PBXBuildFile; fileRef = 22AF7A9F2A2CFC4F00B6FC9F /* SplashViewController.swift */; };
		22C618312A56DD4F00FDB003 /* ImagesListService.swift in Sources */ = {isa = PBXBuildFile; fileRef = 22C618302A56DD4F00FDB003 /* ImagesListService.swift */; };
		22C618332A56DDAD00FDB003 /* Photo.swift in Sources */ = {isa = PBXBuildFile; fileRef = 22C618322A56DDAD00FDB003 /* Photo.swift */; };
		22C618352A56E28300FDB003 /* PhotoResult.swift in Sources */ = {isa = PBXBuildFile; fileRef = 22C618342A56E28300FDB003 /* PhotoResult.swift */; };
		22D997292A6054A400C07902 /* WebViewPresenter.swift in Sources */ = {isa = PBXBuildFile; fileRef = 22D997282A6054A400C07902 /* WebViewPresenter.swift */; };
		22D9972B2A60749300C07902 /* AuthHelper.swift in Sources */ = {isa = PBXBuildFile; fileRef = 22D9972A2A60749300C07902 /* AuthHelper.swift */; };
		22D997332A607CE900C07902 /* ImageFeedTests.swift in Sources */ = {isa = PBXBuildFile; fileRef = 22D997322A607CE900C07902 /* ImageFeedTests.swift */; };
		22D9973A2A6084BF00C07902 /* WebViewPresenterSpy.swift in Sources */ = {isa = PBXBuildFile; fileRef = 22D997392A6084BF00C07902 /* WebViewPresenterSpy.swift */; };
		22D9973C2A6088E800C07902 /* WebViewViewControllerSpy.swift in Sources */ = {isa = PBXBuildFile; fileRef = 22D9973B2A6088E800C07902 /* WebViewViewControllerSpy.swift */; };
		22D997442A64640700C07902 /* ImageFeedUITests.swift in Sources */ = {isa = PBXBuildFile; fileRef = 22D997432A64640700C07902 /* ImageFeedUITests.swift */; };
		22FA93A12A3521CC002B7348 /* UIBlockingProgressHUD.swift in Sources */ = {isa = PBXBuildFile; fileRef = 22FA93A02A3521CC002B7348 /* UIBlockingProgressHUD.swift */; };
		22FA93A42A360B2F002B7348 /* ProfileService.swift in Sources */ = {isa = PBXBuildFile; fileRef = 22FA93A32A360B2F002B7348 /* ProfileService.swift */; };
		22FA93A72A360C4B002B7348 /* Profile.swift in Sources */ = {isa = PBXBuildFile; fileRef = 22FA93A62A360C4B002B7348 /* Profile.swift */; };
		22FA93A92A360C92002B7348 /* ProfileResult.swift in Sources */ = {isa = PBXBuildFile; fileRef = 22FA93A82A360C92002B7348 /* ProfileResult.swift */; };
		22FA93AC2A3617C7002B7348 /* NetworkError.swift in Sources */ = {isa = PBXBuildFile; fileRef = 22FA93AB2A3617C7002B7348 /* NetworkError.swift */; };
		22FA93B12A363BF9002B7348 /* NetworkClient.swift in Sources */ = {isa = PBXBuildFile; fileRef = 22FA93B02A363BF9002B7348 /* NetworkClient.swift */; };
		22FA93B32A3676D7002B7348 /* ProfileImageService.swift in Sources */ = {isa = PBXBuildFile; fileRef = 22FA93B22A3676D7002B7348 /* ProfileImageService.swift */; };
		22FA93B52A367783002B7348 /* UserResult.swift in Sources */ = {isa = PBXBuildFile; fileRef = 22FA93B42A367783002B7348 /* UserResult.swift */; };
		22FDE71E29FEB6B00089302F /* AppDelegate.swift in Sources */ = {isa = PBXBuildFile; fileRef = 22FDE71D29FEB6B00089302F /* AppDelegate.swift */; };
		22FDE72029FEB6B00089302F /* SceneDelegate.swift in Sources */ = {isa = PBXBuildFile; fileRef = 22FDE71F29FEB6B00089302F /* SceneDelegate.swift */; };
		22FDE72229FEB6B00089302F /* ImagesListViewController.swift in Sources */ = {isa = PBXBuildFile; fileRef = 22FDE72129FEB6B00089302F /* ImagesListViewController.swift */; };
		22FDE72529FEB6B00089302F /* Main.storyboard in Resources */ = {isa = PBXBuildFile; fileRef = 22FDE72329FEB6B00089302F /* Main.storyboard */; };
		22FDE72729FEB6B20089302F /* Assets.xcassets in Resources */ = {isa = PBXBuildFile; fileRef = 22FDE72629FEB6B20089302F /* Assets.xcassets */; };
		22FDE72A29FEB6B20089302F /* LaunchScreen.storyboard in Resources */ = {isa = PBXBuildFile; fileRef = 22FDE72829FEB6B20089302F /* LaunchScreen.storyboard */; };
		22FDE7322A0023200089302F /* ImagesListCell.swift in Sources */ = {isa = PBXBuildFile; fileRef = 22FDE7312A0023200089302F /* ImagesListCell.swift */; };
/* End PBXBuildFile section */

/* Begin PBXContainerItemProxy section */
		22D997342A607CE900C07902 /* PBXContainerItemProxy */ = {
			isa = PBXContainerItemProxy;
			containerPortal = 22FDE71229FEB6B00089302F /* Project object */;
			proxyType = 1;
			remoteGlobalIDString = 22FDE71929FEB6B00089302F;
			remoteInfo = ImageFeed;
		};
		22D997472A64640800C07902 /* PBXContainerItemProxy */ = {
			isa = PBXContainerItemProxy;
			containerPortal = 22FDE71229FEB6B00089302F /* Project object */;
			proxyType = 1;
			remoteGlobalIDString = 22FDE71929FEB6B00089302F;
			remoteInfo = ImageFeed;
		};
/* End PBXContainerItemProxy section */

/* Begin PBXFileReference section */
		22092AD42A12E00D002D70A4 /* SingleImageViewController.swift */ = {isa = PBXFileReference; lastKnownFileType = sourcecode.swift; path = SingleImageViewController.swift; sourceTree = "<group>"; };
		22092AED2A1946D7002D70A4 /* UIColor+Extensions.swift */ = {isa = PBXFileReference; lastKnownFileType = sourcecode.swift; path = "UIColor+Extensions.swift"; sourceTree = "<group>"; };
		220E8F912A6719F6004A7005 /* ImagesListPresenter.swift */ = {isa = PBXFileReference; lastKnownFileType = sourcecode.swift; path = ImagesListPresenter.swift; sourceTree = "<group>"; };
		220E8F932A6723B6004A7005 /* ImagesListDataSource.swift */ = {isa = PBXFileReference; lastKnownFileType = sourcecode.swift; path = ImagesListDataSource.swift; sourceTree = "<group>"; };
		220E8F952A681BD2004A7005 /* ProfilePresenter.swift */ = {isa = PBXFileReference; lastKnownFileType = sourcecode.swift; path = ProfilePresenter.swift; sourceTree = "<group>"; };
		220E8F972A6829CB004A7005 /* ProfileDataSource.swift */ = {isa = PBXFileReference; lastKnownFileType = sourcecode.swift; path = ProfileDataSource.swift; sourceTree = "<group>"; };
		220E8F992A683258004A7005 /* ProfilePresenterSpy.swift */ = {isa = PBXFileReference; lastKnownFileType = sourcecode.swift; path = ProfilePresenterSpy.swift; sourceTree = "<group>"; };
		220E8F9B2A6838F3004A7005 /* ProfileViewControllerSpy.swift */ = {isa = PBXFileReference; lastKnownFileType = sourcecode.swift; path = ProfileViewControllerSpy.swift; sourceTree = "<group>"; };
		224982F92A2B707100A85FDB /* AuthViewController.swift */ = {isa = PBXFileReference; lastKnownFileType = sourcecode.swift; path = AuthViewController.swift; sourceTree = "<group>"; };
		224982FC2A2B72F800A85FDB /* WebViewViewController.swift */ = {isa = PBXFileReference; lastKnownFileType = sourcecode.swift; path = WebViewViewController.swift; sourceTree = "<group>"; };
		224982FE2A2B7E0200A85FDB /* AuthConfiguration.swift */ = {isa = PBXFileReference; lastKnownFileType = sourcecode.swift; path = AuthConfiguration.swift; sourceTree = "<group>"; };
		225C19422A589E0200703A52 /* ImagePlaceholderView.swift */ = {isa = PBXFileReference; lastKnownFileType = sourcecode.swift; path = ImagePlaceholderView.swift; sourceTree = "<group>"; };
		225C196B2A59DCF500703A52 /* ImagesListCellDelegate.swift */ = {isa = PBXFileReference; lastKnownFileType = sourcecode.swift; path = ImagesListCellDelegate.swift; sourceTree = "<group>"; };
		225C196D2A5B42AA00703A52 /* AlertPresenter.swift */ = {isa = PBXFileReference; lastKnownFileType = sourcecode.swift; path = AlertPresenter.swift; sourceTree = "<group>"; };
		225C196F2A5C5D2800703A52 /* OAuth2TokenStorage.swift */ = {isa = PBXFileReference; lastKnownFileType = sourcecode.swift; path = OAuth2TokenStorage.swift; sourceTree = "<group>"; };
		225C19712A5C61E400703A52 /* OAuth2CookieStorage.swift */ = {isa = PBXFileReference; lastKnownFileType = sourcecode.swift; path = OAuth2CookieStorage.swift; sourceTree = "<group>"; };
		227E4E532A0D89FD00AFF8FA /* ProfileViewController.swift */ = {isa = PBXFileReference; lastKnownFileType = sourcecode.swift; path = ProfileViewController.swift; sourceTree = "<group>"; };
		22AF7A992A2CD30300B6FC9F /* OAuthTokenResponseBody.swift */ = {isa = PBXFileReference; lastKnownFileType = sourcecode.swift; path = OAuthTokenResponseBody.swift; sourceTree = "<group>"; };
		22AF7A9B2A2CD4B900B6FC9F /* OAuth2Service.swift */ = {isa = PBXFileReference; lastKnownFileType = sourcecode.swift; path = OAuth2Service.swift; sourceTree = "<group>"; };
		22AF7A9F2A2CFC4F00B6FC9F /* SplashViewController.swift */ = {isa = PBXFileReference; lastKnownFileType = sourcecode.swift; path = SplashViewController.swift; sourceTree = "<group>"; };
		22C618302A56DD4F00FDB003 /* ImagesListService.swift */ = {isa = PBXFileReference; lastKnownFileType = sourcecode.swift; path = ImagesListService.swift; sourceTree = "<group>"; };
		22C618322A56DDAD00FDB003 /* Photo.swift */ = {isa = PBXFileReference; lastKnownFileType = sourcecode.swift; path = Photo.swift; sourceTree = "<group>"; };
		22C618342A56E28300FDB003 /* PhotoResult.swift */ = {isa = PBXFileReference; lastKnownFileType = sourcecode.swift; path = PhotoResult.swift; sourceTree = "<group>"; };
		22D997282A6054A400C07902 /* WebViewPresenter.swift */ = {isa = PBXFileReference; lastKnownFileType = sourcecode.swift; path = WebViewPresenter.swift; sourceTree = "<group>"; };
		22D9972A2A60749300C07902 /* AuthHelper.swift */ = {isa = PBXFileReference; lastKnownFileType = sourcecode.swift; path = AuthHelper.swift; sourceTree = "<group>"; };
		22D997302A607CE900C07902 /* ImageFeedTests.xctest */ = {isa = PBXFileReference; explicitFileType = wrapper.cfbundle; includeInIndex = 0; path = ImageFeedTests.xctest; sourceTree = BUILT_PRODUCTS_DIR; };
		22D997322A607CE900C07902 /* ImageFeedTests.swift */ = {isa = PBXFileReference; lastKnownFileType = sourcecode.swift; path = ImageFeedTests.swift; sourceTree = "<group>"; };
		22D997392A6084BF00C07902 /* WebViewPresenterSpy.swift */ = {isa = PBXFileReference; lastKnownFileType = sourcecode.swift; path = WebViewPresenterSpy.swift; sourceTree = "<group>"; };
		22D9973B2A6088E800C07902 /* WebViewViewControllerSpy.swift */ = {isa = PBXFileReference; lastKnownFileType = sourcecode.swift; path = WebViewViewControllerSpy.swift; sourceTree = "<group>"; };
		22D997412A64640700C07902 /* ImageFeedUITests.xctest */ = {isa = PBXFileReference; explicitFileType = wrapper.cfbundle; includeInIndex = 0; path = ImageFeedUITests.xctest; sourceTree = BUILT_PRODUCTS_DIR; };
		22D997432A64640700C07902 /* ImageFeedUITests.swift */ = {isa = PBXFileReference; lastKnownFileType = sourcecode.swift; path = ImageFeedUITests.swift; sourceTree = "<group>"; };
		22FA93A02A3521CC002B7348 /* UIBlockingProgressHUD.swift */ = {isa = PBXFileReference; lastKnownFileType = sourcecode.swift; path = UIBlockingProgressHUD.swift; sourceTree = "<group>"; };
		22FA93A32A360B2F002B7348 /* ProfileService.swift */ = {isa = PBXFileReference; lastKnownFileType = sourcecode.swift; path = ProfileService.swift; sourceTree = "<group>"; };
		22FA93A62A360C4B002B7348 /* Profile.swift */ = {isa = PBXFileReference; lastKnownFileType = sourcecode.swift; path = Profile.swift; sourceTree = "<group>"; };
		22FA93A82A360C92002B7348 /* ProfileResult.swift */ = {isa = PBXFileReference; lastKnownFileType = sourcecode.swift; path = ProfileResult.swift; sourceTree = "<group>"; };
		22FA93AB2A3617C7002B7348 /* NetworkError.swift */ = {isa = PBXFileReference; lastKnownFileType = sourcecode.swift; path = NetworkError.swift; sourceTree = "<group>"; };
		22FA93B02A363BF9002B7348 /* NetworkClient.swift */ = {isa = PBXFileReference; lastKnownFileType = sourcecode.swift; path = NetworkClient.swift; sourceTree = "<group>"; };
		22FA93B22A3676D7002B7348 /* ProfileImageService.swift */ = {isa = PBXFileReference; lastKnownFileType = sourcecode.swift; path = ProfileImageService.swift; sourceTree = "<group>"; };
		22FA93B42A367783002B7348 /* UserResult.swift */ = {isa = PBXFileReference; lastKnownFileType = sourcecode.swift; path = UserResult.swift; sourceTree = "<group>"; };
		22FDE71A29FEB6B00089302F /* ImageFeed.app */ = {isa = PBXFileReference; explicitFileType = wrapper.application; includeInIndex = 0; path = ImageFeed.app; sourceTree = BUILT_PRODUCTS_DIR; };
		22FDE71D29FEB6B00089302F /* AppDelegate.swift */ = {isa = PBXFileReference; lastKnownFileType = sourcecode.swift; path = AppDelegate.swift; sourceTree = "<group>"; };
		22FDE71F29FEB6B00089302F /* SceneDelegate.swift */ = {isa = PBXFileReference; lastKnownFileType = sourcecode.swift; path = SceneDelegate.swift; sourceTree = "<group>"; };
		22FDE72129FEB6B00089302F /* ImagesListViewController.swift */ = {isa = PBXFileReference; lastKnownFileType = sourcecode.swift; path = ImagesListViewController.swift; sourceTree = "<group>"; };
		22FDE72429FEB6B00089302F /* Base */ = {isa = PBXFileReference; lastKnownFileType = file.storyboard; name = Base; path = Base.lproj/Main.storyboard; sourceTree = "<group>"; };
		22FDE72629FEB6B20089302F /* Assets.xcassets */ = {isa = PBXFileReference; lastKnownFileType = folder.assetcatalog; path = Assets.xcassets; sourceTree = "<group>"; };
		22FDE72929FEB6B20089302F /* Base */ = {isa = PBXFileReference; lastKnownFileType = file.storyboard; name = Base; path = Base.lproj/LaunchScreen.storyboard; sourceTree = "<group>"; };
		22FDE72B29FEB6B20089302F /* Info.plist */ = {isa = PBXFileReference; lastKnownFileType = text.plist.xml; path = Info.plist; sourceTree = "<group>"; };
		22FDE7312A0023200089302F /* ImagesListCell.swift */ = {isa = PBXFileReference; lastKnownFileType = sourcecode.swift; path = ImagesListCell.swift; sourceTree = "<group>"; };
/* End PBXFileReference section */

/* Begin PBXFrameworksBuildPhase section */
		22D9972D2A607CE900C07902 /* Frameworks */ = {
			isa = PBXFrameworksBuildPhase;
			buildActionMask = 2147483647;
			files = (
			);
			runOnlyForDeploymentPostprocessing = 0;
		};
		22D9973E2A64640700C07902 /* Frameworks */ = {
			isa = PBXFrameworksBuildPhase;
			buildActionMask = 2147483647;
			files = (
			);
			runOnlyForDeploymentPostprocessing = 0;
		};
		22FDE71729FEB6B00089302F /* Frameworks */ = {
			isa = PBXFrameworksBuildPhase;
			buildActionMask = 2147483647;
			files = (
				22305BA62A37613100D5B5AD /* Kingfisher in Frameworks */,
				229CE57C2A327867000A46E2 /* ProgressHUD in Frameworks */,
				22305BA92A37A1DF00D5B5AD /* SwiftKeychainWrapper in Frameworks */,
			);
			runOnlyForDeploymentPostprocessing = 0;
		};
/* End PBXFrameworksBuildPhase section */

/* Begin PBXGroup section */
		22092AD82A157C75002D70A4 /* SingleImageView */ = {
			isa = PBXGroup;
			children = (
				22092AD42A12E00D002D70A4 /* SingleImageViewController.swift */,
			);
			path = SingleImageView;
			sourceTree = "<group>";
		};
		224982FB2A2B707B00A85FDB /* Auth */ = {
			isa = PBXGroup;
			children = (
				224982FE2A2B7E0200A85FDB /* AuthConfiguration.swift */,
				224982F92A2B707100A85FDB /* AuthViewController.swift */,
				224982FC2A2B72F800A85FDB /* WebViewViewController.swift */,
				22D997282A6054A400C07902 /* WebViewPresenter.swift */,
				22D9972A2A60749300C07902 /* AuthHelper.swift */,
			);
			path = Auth;
			sourceTree = "<group>";
		};
		225C19732A5C8D9A00703A52 /* AlertPresenters */ = {
			isa = PBXGroup;
			children = (
				225C196D2A5B42AA00703A52 /* AlertPresenter.swift */,
			);
			path = AlertPresenters;
			sourceTree = "<group>";
		};
		227E4E522A0D89D300AFF8FA /* Profile */ = {
			isa = PBXGroup;
			children = (
				227E4E532A0D89FD00AFF8FA /* ProfileViewController.swift */,
				220E8F952A681BD2004A7005 /* ProfilePresenter.swift */,
				220E8F972A6829CB004A7005 /* ProfileDataSource.swift */,
			);
			path = Profile;
			sourceTree = "<group>";
		};
		22AF7AA12A2CFC5600B6FC9F /* SplashViewController */ = {
			isa = PBXGroup;
			children = (
				22AF7A9F2A2CFC4F00B6FC9F /* SplashViewController.swift */,
			);
			path = SplashViewController;
			sourceTree = "<group>";
		};
		22AF7AA22A2D27DE00B6FC9F /* Service */ = {
			isa = PBXGroup;
			children = (
				22FA93B02A363BF9002B7348 /* NetworkClient.swift */,
				22FA93AB2A3617C7002B7348 /* NetworkError.swift */,
				22FA93A52A360C1D002B7348 /* OAuth2 */,
				22FA93AA2A360CAE002B7348 /* Profile */,
				22C618362A5710D100FDB003 /* ImageList */,
			);
			path = Service;
			sourceTree = "<group>";
		};
		22C618362A5710D100FDB003 /* ImageList */ = {
			isa = PBXGroup;
			children = (
				22C618302A56DD4F00FDB003 /* ImagesListService.swift */,
				22C618322A56DDAD00FDB003 /* Photo.swift */,
				22C618342A56E28300FDB003 /* PhotoResult.swift */,
			);
			path = ImageList;
			sourceTree = "<group>";
		};
		22D997312A607CE900C07902 /* ImageFeedTests */ = {
			isa = PBXGroup;
			children = (
				22D997322A607CE900C07902 /* ImageFeedTests.swift */,
				22D997392A6084BF00C07902 /* WebViewPresenterSpy.swift */,
				22D9973B2A6088E800C07902 /* WebViewViewControllerSpy.swift */,
				220E8F992A683258004A7005 /* ProfilePresenterSpy.swift */,
				220E8F9B2A6838F3004A7005 /* ProfileViewControllerSpy.swift */,
			);
			path = ImageFeedTests;
			sourceTree = "<group>";
		};
		22D997422A64640700C07902 /* ImageFeedUITests */ = {
			isa = PBXGroup;
			children = (
				22D997432A64640700C07902 /* ImageFeedUITests.swift */,
			);
			path = ImageFeedUITests;
			sourceTree = "<group>";
		};
		22FA93A22A3521FA002B7348 /* Utils */ = {
			isa = PBXGroup;
			children = (
				22FA93A02A3521CC002B7348 /* UIBlockingProgressHUD.swift */,
			);
			path = Utils;
			sourceTree = "<group>";
		};
		22FA93A52A360C1D002B7348 /* OAuth2 */ = {
			isa = PBXGroup;
			children = (
				22AF7A992A2CD30300B6FC9F /* OAuthTokenResponseBody.swift */,
				22AF7A9B2A2CD4B900B6FC9F /* OAuth2Service.swift */,
				225C196F2A5C5D2800703A52 /* OAuth2TokenStorage.swift */,
				225C19712A5C61E400703A52 /* OAuth2CookieStorage.swift */,
			);
			path = OAuth2;
			sourceTree = "<group>";
		};
		22FA93AA2A360CAE002B7348 /* Profile */ = {
			isa = PBXGroup;
			children = (
				22FA93A32A360B2F002B7348 /* ProfileService.swift */,
				22FA93A62A360C4B002B7348 /* Profile.swift */,
				22FA93A82A360C92002B7348 /* ProfileResult.swift */,
				22FA93B22A3676D7002B7348 /* ProfileImageService.swift */,
				22FA93B42A367783002B7348 /* UserResult.swift */,
			);
			path = Profile;
			sourceTree = "<group>";
		};
		22FA93AF2A362E5C002B7348 /* Extensions */ = {
			isa = PBXGroup;
			children = (
				22092AED2A1946D7002D70A4 /* UIColor+Extensions.swift */,
			);
			path = Extensions;
			sourceTree = "<group>";
		};
		22FDE71129FEB6B00089302F = {
			isa = PBXGroup;
			children = (
				22FDE71C29FEB6B00089302F /* ImageFeed */,
				22D997312A607CE900C07902 /* ImageFeedTests */,
				22D997422A64640700C07902 /* ImageFeedUITests */,
				22FDE71B29FEB6B00089302F /* Products */,
			);
			sourceTree = "<group>";
		};
		22FDE71B29FEB6B00089302F /* Products */ = {
			isa = PBXGroup;
			children = (
				22FDE71A29FEB6B00089302F /* ImageFeed.app */,
				22D997302A607CE900C07902 /* ImageFeedTests.xctest */,
				22D997412A64640700C07902 /* ImageFeedUITests.xctest */,
			);
			name = Products;
			sourceTree = "<group>";
		};
		22FDE71C29FEB6B00089302F /* ImageFeed */ = {
			isa = PBXGroup;
			children = (
				22FDE71D29FEB6B00089302F /* AppDelegate.swift */,
				22FDE71F29FEB6B00089302F /* SceneDelegate.swift */,
				22AF7AA22A2D27DE00B6FC9F /* Service */,
				22AF7AA12A2CFC5600B6FC9F /* SplashViewController */,
				224982FB2A2B707B00A85FDB /* Auth */,
				227E4E522A0D89D300AFF8FA /* Profile */,
				22FDE7332A0023560089302F /* ImagesList */,
				225C19732A5C8D9A00703A52 /* AlertPresenters */,
				22FA93A22A3521FA002B7348 /* Utils */,
				22FA93AF2A362E5C002B7348 /* Extensions */,
				22FDE72329FEB6B00089302F /* Main.storyboard */,
				22FDE72629FEB6B20089302F /* Assets.xcassets */,
				22FDE72829FEB6B20089302F /* LaunchScreen.storyboard */,
				22FDE72B29FEB6B20089302F /* Info.plist */,
			);
			path = ImageFeed;
			sourceTree = "<group>";
		};
		22FDE7332A0023560089302F /* ImagesList */ = {
			isa = PBXGroup;
			children = (
				22092AD82A157C75002D70A4 /* SingleImageView */,
				22FDE72129FEB6B00089302F /* ImagesListViewController.swift */,
				220E8F912A6719F6004A7005 /* ImagesListPresenter.swift */,
				22FDE7312A0023200089302F /* ImagesListCell.swift */,
				225C19422A589E0200703A52 /* ImagePlaceholderView.swift */,
				225C196B2A59DCF500703A52 /* ImagesListCellDelegate.swift */,
				220E8F932A6723B6004A7005 /* ImagesListDataSource.swift */,
			);
			path = ImagesList;
			sourceTree = "<group>";
		};
/* End PBXGroup section */

/* Begin PBXNativeTarget section */
		22D9972F2A607CE900C07902 /* ImageFeedTests */ = {
			isa = PBXNativeTarget;
			buildConfigurationList = 22D997362A607CE900C07902 /* Build configuration list for PBXNativeTarget "ImageFeedTests" */;
			buildPhases = (
				22D9972C2A607CE900C07902 /* Sources */,
				22D9972D2A607CE900C07902 /* Frameworks */,
				22D9972E2A607CE900C07902 /* Resources */,
			);
			buildRules = (
			);
			dependencies = (
				22D997352A607CE900C07902 /* PBXTargetDependency */,
			);
			name = ImageFeedTests;
			productName = ImageFeedTests;
			productReference = 22D997302A607CE900C07902 /* ImageFeedTests.xctest */;
			productType = "com.apple.product-type.bundle.unit-test";
		};
		22D997402A64640700C07902 /* ImageFeedUITests */ = {
			isa = PBXNativeTarget;
			buildConfigurationList = 22D997492A64640800C07902 /* Build configuration list for PBXNativeTarget "ImageFeedUITests" */;
			buildPhases = (
				22D9973D2A64640700C07902 /* Sources */,
				22D9973E2A64640700C07902 /* Frameworks */,
				22D9973F2A64640700C07902 /* Resources */,
			);
			buildRules = (
			);
			dependencies = (
				22D997482A64640800C07902 /* PBXTargetDependency */,
			);
			name = ImageFeedUITests;
			productName = ImageFeedUITests;
			productReference = 22D997412A64640700C07902 /* ImageFeedUITests.xctest */;
			productType = "com.apple.product-type.bundle.ui-testing";
		};
		22FDE71929FEB6B00089302F /* ImageFeed */ = {
			isa = PBXNativeTarget;
			buildConfigurationList = 22FDE72E29FEB6B20089302F /* Build configuration list for PBXNativeTarget "ImageFeed" */;
			buildPhases = (
				22FDE71629FEB6B00089302F /* Sources */,
				22FDE71729FEB6B00089302F /* Frameworks */,
				22FDE71829FEB6B00089302F /* Resources */,
			);
			buildRules = (
			);
			dependencies = (
			);
			name = ImageFeed;
			packageProductDependencies = (
				229CE57B2A327867000A46E2 /* ProgressHUD */,
				22305BA52A37613100D5B5AD /* Kingfisher */,
				22305BA82A37A1DF00D5B5AD /* SwiftKeychainWrapper */,
			);
			productName = ImageFeed;
			productReference = 22FDE71A29FEB6B00089302F /* ImageFeed.app */;
			productType = "com.apple.product-type.application";
		};
/* End PBXNativeTarget section */

/* Begin PBXProject section */
		22FDE71229FEB6B00089302F /* Project object */ = {
			isa = PBXProject;
			attributes = {
				BuildIndependentTargetsInParallel = 1;
				LastSwiftUpdateCheck = 1430;
				LastUpgradeCheck = 1430;
				TargetAttributes = {
					22D9972F2A607CE900C07902 = {
						CreatedOnToolsVersion = 14.3.1;
						TestTargetID = 22FDE71929FEB6B00089302F;
					};
					22D997402A64640700C07902 = {
						CreatedOnToolsVersion = 14.3.1;
						TestTargetID = 22FDE71929FEB6B00089302F;
					};
					22FDE71929FEB6B00089302F = {
						CreatedOnToolsVersion = 14.3;
					};
				};
			};
			buildConfigurationList = 22FDE71529FEB6B00089302F /* Build configuration list for PBXProject "ImageFeed" */;
			compatibilityVersion = "Xcode 14.0";
			developmentRegion = en;
			hasScannedForEncodings = 0;
			knownRegions = (
				en,
				Base,
			);
			mainGroup = 22FDE71129FEB6B00089302F;
			packageReferences = (
				229CE57A2A327867000A46E2 /* XCRemoteSwiftPackageReference "ProgressHUD" */,
				22305BA42A37613100D5B5AD /* XCRemoteSwiftPackageReference "Kingfisher" */,
				22305BA72A37A1DF00D5B5AD /* XCRemoteSwiftPackageReference "SwiftKeychainWrapper" */,
			);
			productRefGroup = 22FDE71B29FEB6B00089302F /* Products */;
			projectDirPath = "";
			projectRoot = "";
			targets = (
				22FDE71929FEB6B00089302F /* ImageFeed */,
				22D9972F2A607CE900C07902 /* ImageFeedTests */,
				22D997402A64640700C07902 /* ImageFeedUITests */,
			);
		};
/* End PBXProject section */

/* Begin PBXResourcesBuildPhase section */
		22D9972E2A607CE900C07902 /* Resources */ = {
			isa = PBXResourcesBuildPhase;
			buildActionMask = 2147483647;
			files = (
			);
			runOnlyForDeploymentPostprocessing = 0;
		};
		22D9973F2A64640700C07902 /* Resources */ = {
			isa = PBXResourcesBuildPhase;
			buildActionMask = 2147483647;
			files = (
			);
			runOnlyForDeploymentPostprocessing = 0;
		};
		22FDE71829FEB6B00089302F /* Resources */ = {
			isa = PBXResourcesBuildPhase;
			buildActionMask = 2147483647;
			files = (
				22FDE72A29FEB6B20089302F /* LaunchScreen.storyboard in Resources */,
				22FDE72729FEB6B20089302F /* Assets.xcassets in Resources */,
				22FDE72529FEB6B00089302F /* Main.storyboard in Resources */,
			);
			runOnlyForDeploymentPostprocessing = 0;
		};
/* End PBXResourcesBuildPhase section */

/* Begin PBXSourcesBuildPhase section */
		22D9972C2A607CE900C07902 /* Sources */ = {
			isa = PBXSourcesBuildPhase;
			buildActionMask = 2147483647;
			files = (
				22D997332A607CE900C07902 /* ImageFeedTests.swift in Sources */,
				220E8F9A2A683258004A7005 /* ProfilePresenterSpy.swift in Sources */,
				22D9973C2A6088E800C07902 /* WebViewViewControllerSpy.swift in Sources */,
				22D9973A2A6084BF00C07902 /* WebViewPresenterSpy.swift in Sources */,
				220E8F9C2A6838F3004A7005 /* ProfileViewControllerSpy.swift in Sources */,
			);
			runOnlyForDeploymentPostprocessing = 0;
		};
		22D9973D2A64640700C07902 /* Sources */ = {
			isa = PBXSourcesBuildPhase;
			buildActionMask = 2147483647;
			files = (
				22D997442A64640700C07902 /* ImageFeedUITests.swift in Sources */,
			);
			runOnlyForDeploymentPostprocessing = 0;
		};
		22FDE71629FEB6B00089302F /* Sources */ = {
			isa = PBXSourcesBuildPhase;
			buildActionMask = 2147483647;
			files = (
				22C618332A56DDAD00FDB003 /* Photo.swift in Sources */,
				22FA93A72A360C4B002B7348 /* Profile.swift in Sources */,
				225C19722A5C61E400703A52 /* OAuth2CookieStorage.swift in Sources */,
				225C19702A5C5D2800703A52 /* OAuth2TokenStorage.swift in Sources */,
				225C196C2A59DCF500703A52 /* ImagesListCellDelegate.swift in Sources */,
				22C618312A56DD4F00FDB003 /* ImagesListService.swift in Sources */,
				22D997292A6054A400C07902 /* WebViewPresenter.swift in Sources */,
				22FDE72229FEB6B00089302F /* ImagesListViewController.swift in Sources */,
				22FA93A42A360B2F002B7348 /* ProfileService.swift in Sources */,
				224982FD2A2B72F800A85FDB /* WebViewViewController.swift in Sources */,
				220E8F962A681BD2004A7005 /* ProfilePresenter.swift in Sources */,
				220E8F922A6719F6004A7005 /* ImagesListPresenter.swift in Sources */,
				22AF7A9C2A2CD4B900B6FC9F /* OAuth2Service.swift in Sources */,
				22FDE7322A0023200089302F /* ImagesListCell.swift in Sources */,
				225C19432A589E0200703A52 /* ImagePlaceholderView.swift in Sources */,
				227E4E542A0D89FD00AFF8FA /* ProfileViewController.swift in Sources */,
				220E8F942A6723B6004A7005 /* ImagesListDataSource.swift in Sources */,
				220E8F982A6829CB004A7005 /* ProfileDataSource.swift in Sources */,
				22AF7AA02A2CFC4F00B6FC9F /* SplashViewController.swift in Sources */,
				22AF7A9A2A2CD30300B6FC9F /* OAuthTokenResponseBody.swift in Sources */,
				22C618352A56E28300FDB003 /* PhotoResult.swift in Sources */,
				22FDE71E29FEB6B00089302F /* AppDelegate.swift in Sources */,
				22FA93B12A363BF9002B7348 /* NetworkClient.swift in Sources */,
				22FA93B52A367783002B7348 /* UserResult.swift in Sources */,
				22FA93A12A3521CC002B7348 /* UIBlockingProgressHUD.swift in Sources */,
				225C196E2A5B42AA00703A52 /* AlertPresenter.swift in Sources */,
				224982FF2A2B7E0200A85FDB /* AuthConfiguration.swift in Sources */,
				224982FA2A2B707100A85FDB /* AuthViewController.swift in Sources */,
				22092AEE2A1946D7002D70A4 /* UIColor+Extensions.swift in Sources */,
				22FA93B32A3676D7002B7348 /* ProfileImageService.swift in Sources */,
				22092AD52A12E00D002D70A4 /* SingleImageViewController.swift in Sources */,
				22FA93A92A360C92002B7348 /* ProfileResult.swift in Sources */,
				22FDE72029FEB6B00089302F /* SceneDelegate.swift in Sources */,
				22D9972B2A60749300C07902 /* AuthHelper.swift in Sources */,
				22FA93AC2A3617C7002B7348 /* NetworkError.swift in Sources */,
			);
			runOnlyForDeploymentPostprocessing = 0;
		};
/* End PBXSourcesBuildPhase section */

/* Begin PBXTargetDependency section */
		22D997352A607CE900C07902 /* PBXTargetDependency */ = {
			isa = PBXTargetDependency;
			target = 22FDE71929FEB6B00089302F /* ImageFeed */;
			targetProxy = 22D997342A607CE900C07902 /* PBXContainerItemProxy */;
		};
		22D997482A64640800C07902 /* PBXTargetDependency */ = {
			isa = PBXTargetDependency;
			target = 22FDE71929FEB6B00089302F /* ImageFeed */;
			targetProxy = 22D997472A64640800C07902 /* PBXContainerItemProxy */;
		};
/* End PBXTargetDependency section */

/* Begin PBXVariantGroup section */
		22FDE72329FEB6B00089302F /* Main.storyboard */ = {
			isa = PBXVariantGroup;
			children = (
				22FDE72429FEB6B00089302F /* Base */,
			);
			name = Main.storyboard;
			sourceTree = "<group>";
		};
		22FDE72829FEB6B20089302F /* LaunchScreen.storyboard */ = {
			isa = PBXVariantGroup;
			children = (
				22FDE72929FEB6B20089302F /* Base */,
			);
			name = LaunchScreen.storyboard;
			sourceTree = "<group>";
		};
/* End PBXVariantGroup section */

/* Begin XCBuildConfiguration section */
		22D997372A607CE900C07902 /* Debug */ = {
			isa = XCBuildConfiguration;
			buildSettings = {
				BUNDLE_LOADER = "$(TEST_HOST)";
				CODE_SIGN_STYLE = Automatic;
				CURRENT_PROJECT_VERSION = 1;
				GENERATE_INFOPLIST_FILE = YES;
				IPHONEOS_DEPLOYMENT_TARGET = 13.0;
				MARKETING_VERSION = 1.0;
				PRODUCT_BUNDLE_IDENTIFIER = me.taneev.ImageFeedTests;
				PRODUCT_NAME = "$(TARGET_NAME)";
				SUPPORTED_PLATFORMS = "iphoneos iphonesimulator";
				SUPPORTS_MACCATALYST = NO;
				SUPPORTS_MAC_DESIGNED_FOR_IPHONE_IPAD = NO;
				SWIFT_EMIT_LOC_STRINGS = NO;
				SWIFT_VERSION = 5.0;
				TARGETED_DEVICE_FAMILY = 1;
				TEST_HOST = "$(BUILT_PRODUCTS_DIR)/ImageFeed.app/$(BUNDLE_EXECUTABLE_FOLDER_PATH)/ImageFeed";
			};
			name = Debug;
		};
		22D997382A607CE900C07902 /* Release */ = {
			isa = XCBuildConfiguration;
			buildSettings = {
				BUNDLE_LOADER = "$(TEST_HOST)";
				CODE_SIGN_STYLE = Automatic;
				CURRENT_PROJECT_VERSION = 1;
				GENERATE_INFOPLIST_FILE = YES;
				IPHONEOS_DEPLOYMENT_TARGET = 13.0;
				MARKETING_VERSION = 1.0;
				PRODUCT_BUNDLE_IDENTIFIER = me.taneev.ImageFeedTests;
				PRODUCT_NAME = "$(TARGET_NAME)";
				SUPPORTED_PLATFORMS = "iphoneos iphonesimulator";
				SUPPORTS_MACCATALYST = NO;
				SUPPORTS_MAC_DESIGNED_FOR_IPHONE_IPAD = NO;
				SWIFT_EMIT_LOC_STRINGS = NO;
				SWIFT_VERSION = 5.0;
				TARGETED_DEVICE_FAMILY = 1;
				TEST_HOST = "$(BUILT_PRODUCTS_DIR)/ImageFeed.app/$(BUNDLE_EXECUTABLE_FOLDER_PATH)/ImageFeed";
			};
			name = Release;
		};
		22D9974A2A64640800C07902 /* Debug */ = {
			isa = XCBuildConfiguration;
			buildSettings = {
				CODE_SIGN_STYLE = Automatic;
				CURRENT_PROJECT_VERSION = 1;
				GENERATE_INFOPLIST_FILE = YES;
				IPHONEOS_DEPLOYMENT_TARGET = 13.0;
				MARKETING_VERSION = 1.0;
				PRODUCT_BUNDLE_IDENTIFIER = me.taneev.ImageFeedUITests;
				PRODUCT_NAME = "$(TARGET_NAME)";
				SUPPORTED_PLATFORMS = "iphoneos iphonesimulator";
				SUPPORTS_MACCATALYST = NO;
				SUPPORTS_MAC_DESIGNED_FOR_IPHONE_IPAD = NO;
				SWIFT_EMIT_LOC_STRINGS = NO;
				SWIFT_VERSION = 5.0;
				TARGETED_DEVICE_FAMILY = 1;
				TEST_TARGET_NAME = ImageFeed;
			};
			name = Debug;
		};
		22D9974B2A64640800C07902 /* Release */ = {
			isa = XCBuildConfiguration;
			buildSettings = {
				CODE_SIGN_STYLE = Automatic;
				CURRENT_PROJECT_VERSION = 1;
				GENERATE_INFOPLIST_FILE = YES;
				IPHONEOS_DEPLOYMENT_TARGET = 13.0;
				MARKETING_VERSION = 1.0;
				PRODUCT_BUNDLE_IDENTIFIER = me.taneev.ImageFeedUITests;
				PRODUCT_NAME = "$(TARGET_NAME)";
				SUPPORTED_PLATFORMS = "iphoneos iphonesimulator";
				SUPPORTS_MACCATALYST = NO;
				SUPPORTS_MAC_DESIGNED_FOR_IPHONE_IPAD = NO;
				SWIFT_EMIT_LOC_STRINGS = NO;
				SWIFT_VERSION = 5.0;
				TARGETED_DEVICE_FAMILY = 1;
				TEST_TARGET_NAME = ImageFeed;
			};
			name = Release;
		};
		22FDE72C29FEB6B20089302F /* Debug */ = {
			isa = XCBuildConfiguration;
			buildSettings = {
				ALWAYS_SEARCH_USER_PATHS = NO;
				CLANG_ANALYZER_NONNULL = YES;
				CLANG_ANALYZER_NUMBER_OBJECT_CONVERSION = YES_AGGRESSIVE;
				CLANG_CXX_LANGUAGE_STANDARD = "gnu++20";
				CLANG_ENABLE_MODULES = YES;
				CLANG_ENABLE_OBJC_ARC = YES;
				CLANG_ENABLE_OBJC_WEAK = YES;
				CLANG_WARN_BLOCK_CAPTURE_AUTORELEASING = YES;
				CLANG_WARN_BOOL_CONVERSION = YES;
				CLANG_WARN_COMMA = YES;
				CLANG_WARN_CONSTANT_CONVERSION = YES;
				CLANG_WARN_DEPRECATED_OBJC_IMPLEMENTATIONS = YES;
				CLANG_WARN_DIRECT_OBJC_ISA_USAGE = YES_ERROR;
				CLANG_WARN_DOCUMENTATION_COMMENTS = YES;
				CLANG_WARN_EMPTY_BODY = YES;
				CLANG_WARN_ENUM_CONVERSION = YES;
				CLANG_WARN_INFINITE_RECURSION = YES;
				CLANG_WARN_INT_CONVERSION = YES;
				CLANG_WARN_NON_LITERAL_NULL_CONVERSION = YES;
				CLANG_WARN_OBJC_IMPLICIT_RETAIN_SELF = YES;
				CLANG_WARN_OBJC_LITERAL_CONVERSION = YES;
				CLANG_WARN_OBJC_ROOT_CLASS = YES_ERROR;
				CLANG_WARN_QUOTED_INCLUDE_IN_FRAMEWORK_HEADER = YES;
				CLANG_WARN_RANGE_LOOP_ANALYSIS = YES;
				CLANG_WARN_STRICT_PROTOTYPES = YES;
				CLANG_WARN_SUSPICIOUS_MOVE = YES;
				CLANG_WARN_UNGUARDED_AVAILABILITY = YES_AGGRESSIVE;
				CLANG_WARN_UNREACHABLE_CODE = YES;
				CLANG_WARN__DUPLICATE_METHOD_MATCH = YES;
				COPY_PHASE_STRIP = NO;
				DEBUG_INFORMATION_FORMAT = dwarf;
				ENABLE_STRICT_OBJC_MSGSEND = YES;
				ENABLE_TESTABILITY = YES;
				GCC_C_LANGUAGE_STANDARD = gnu11;
				GCC_DYNAMIC_NO_PIC = NO;
				GCC_NO_COMMON_BLOCKS = YES;
				GCC_OPTIMIZATION_LEVEL = 0;
				GCC_PREPROCESSOR_DEFINITIONS = (
					"DEBUG=1",
					"$(inherited)",
				);
				GCC_WARN_64_TO_32_BIT_CONVERSION = YES;
				GCC_WARN_ABOUT_RETURN_TYPE = YES_ERROR;
				GCC_WARN_UNDECLARED_SELECTOR = YES;
				GCC_WARN_UNINITIALIZED_AUTOS = YES_AGGRESSIVE;
				GCC_WARN_UNUSED_FUNCTION = YES;
				GCC_WARN_UNUSED_VARIABLE = YES;
				IPHONEOS_DEPLOYMENT_TARGET = 16.4;
				MTL_ENABLE_DEBUG_INFO = INCLUDE_SOURCE;
				MTL_FAST_MATH = YES;
				ONLY_ACTIVE_ARCH = YES;
				SDKROOT = iphoneos;
				SWIFT_ACTIVE_COMPILATION_CONDITIONS = DEBUG;
				SWIFT_OPTIMIZATION_LEVEL = "-Onone";
			};
			name = Debug;
		};
		22FDE72D29FEB6B20089302F /* Release */ = {
			isa = XCBuildConfiguration;
			buildSettings = {
				ALWAYS_SEARCH_USER_PATHS = NO;
				CLANG_ANALYZER_NONNULL = YES;
				CLANG_ANALYZER_NUMBER_OBJECT_CONVERSION = YES_AGGRESSIVE;
				CLANG_CXX_LANGUAGE_STANDARD = "gnu++20";
				CLANG_ENABLE_MODULES = YES;
				CLANG_ENABLE_OBJC_ARC = YES;
				CLANG_ENABLE_OBJC_WEAK = YES;
				CLANG_WARN_BLOCK_CAPTURE_AUTORELEASING = YES;
				CLANG_WARN_BOOL_CONVERSION = YES;
				CLANG_WARN_COMMA = YES;
				CLANG_WARN_CONSTANT_CONVERSION = YES;
				CLANG_WARN_DEPRECATED_OBJC_IMPLEMENTATIONS = YES;
				CLANG_WARN_DIRECT_OBJC_ISA_USAGE = YES_ERROR;
				CLANG_WARN_DOCUMENTATION_COMMENTS = YES;
				CLANG_WARN_EMPTY_BODY = YES;
				CLANG_WARN_ENUM_CONVERSION = YES;
				CLANG_WARN_INFINITE_RECURSION = YES;
				CLANG_WARN_INT_CONVERSION = YES;
				CLANG_WARN_NON_LITERAL_NULL_CONVERSION = YES;
				CLANG_WARN_OBJC_IMPLICIT_RETAIN_SELF = YES;
				CLANG_WARN_OBJC_LITERAL_CONVERSION = YES;
				CLANG_WARN_OBJC_ROOT_CLASS = YES_ERROR;
				CLANG_WARN_QUOTED_INCLUDE_IN_FRAMEWORK_HEADER = YES;
				CLANG_WARN_RANGE_LOOP_ANALYSIS = YES;
				CLANG_WARN_STRICT_PROTOTYPES = YES;
				CLANG_WARN_SUSPICIOUS_MOVE = YES;
				CLANG_WARN_UNGUARDED_AVAILABILITY = YES_AGGRESSIVE;
				CLANG_WARN_UNREACHABLE_CODE = YES;
				CLANG_WARN__DUPLICATE_METHOD_MATCH = YES;
				COPY_PHASE_STRIP = NO;
				DEBUG_INFORMATION_FORMAT = "dwarf-with-dsym";
				ENABLE_NS_ASSERTIONS = NO;
				ENABLE_STRICT_OBJC_MSGSEND = YES;
				GCC_C_LANGUAGE_STANDARD = gnu11;
				GCC_NO_COMMON_BLOCKS = YES;
				GCC_WARN_64_TO_32_BIT_CONVERSION = YES;
				GCC_WARN_ABOUT_RETURN_TYPE = YES_ERROR;
				GCC_WARN_UNDECLARED_SELECTOR = YES;
				GCC_WARN_UNINITIALIZED_AUTOS = YES_AGGRESSIVE;
				GCC_WARN_UNUSED_FUNCTION = YES;
				GCC_WARN_UNUSED_VARIABLE = YES;
				IPHONEOS_DEPLOYMENT_TARGET = 16.4;
				MTL_ENABLE_DEBUG_INFO = NO;
				MTL_FAST_MATH = YES;
				SDKROOT = iphoneos;
				SWIFT_COMPILATION_MODE = wholemodule;
				SWIFT_OPTIMIZATION_LEVEL = "-O";
				VALIDATE_PRODUCT = YES;
			};
			name = Release;
		};
		22FDE72F29FEB6B20089302F /* Debug */ = {
			isa = XCBuildConfiguration;
			buildSettings = {
				ASSETCATALOG_COMPILER_APPICON_NAME = AppIcon;
				ASSETCATALOG_COMPILER_GLOBAL_ACCENT_COLOR_NAME = AccentColor;
				CODE_SIGN_STYLE = Automatic;
				CURRENT_PROJECT_VERSION = 1;
				DEVELOPMENT_TEAM = 2AF8P9WZJM;
				GENERATE_INFOPLIST_FILE = YES;
				INFOPLIST_FILE = ImageFeed/Info.plist;
				INFOPLIST_KEY_UIApplicationSupportsIndirectInputEvents = YES;
				INFOPLIST_KEY_UILaunchStoryboardName = LaunchScreen;
				INFOPLIST_KEY_UIMainStoryboardFile = Main;
				INFOPLIST_KEY_UIStatusBarStyle = "";
				INFOPLIST_KEY_UISupportedInterfaceOrientations = UIInterfaceOrientationPortrait;
				INFOPLIST_KEY_UISupportedInterfaceOrientations_iPad = "UIInterfaceOrientationLandscapeLeft UIInterfaceOrientationLandscapeRight UIInterfaceOrientationPortrait UIInterfaceOrientationPortraitUpsideDown";
				INFOPLIST_KEY_UIUserInterfaceStyle = Dark;
				IPHONEOS_DEPLOYMENT_TARGET = 13.0;
				LD_RUNPATH_SEARCH_PATHS = (
					"$(inherited)",
					"@executable_path/Frameworks",
				);
				MARKETING_VERSION = 1.0;
				PRODUCT_BUNDLE_IDENTIFIER = me.taneev.ImageFeed;
				PRODUCT_NAME = "$(TARGET_NAME)";
				SUPPORTED_PLATFORMS = "iphoneos iphonesimulator";
				SUPPORTS_MACCATALYST = NO;
				SUPPORTS_MAC_DESIGNED_FOR_IPHONE_IPAD = NO;
				SWIFT_EMIT_LOC_STRINGS = YES;
				SWIFT_VERSION = 5.0;
				TARGETED_DEVICE_FAMILY = 1;
			};
			name = Debug;
		};
		22FDE73029FEB6B20089302F /* Release */ = {
			isa = XCBuildConfiguration;
			buildSettings = {
				ASSETCATALOG_COMPILER_APPICON_NAME = AppIcon;
				ASSETCATALOG_COMPILER_GLOBAL_ACCENT_COLOR_NAME = AccentColor;
				CODE_SIGN_STYLE = Automatic;
				CURRENT_PROJECT_VERSION = 1;
				DEVELOPMENT_TEAM = 2AF8P9WZJM;
				GENERATE_INFOPLIST_FILE = YES;
				INFOPLIST_FILE = ImageFeed/Info.plist;
				INFOPLIST_KEY_UIApplicationSupportsIndirectInputEvents = YES;
				INFOPLIST_KEY_UILaunchStoryboardName = LaunchScreen;
				INFOPLIST_KEY_UIMainStoryboardFile = Main;
				INFOPLIST_KEY_UIStatusBarStyle = "";
				INFOPLIST_KEY_UISupportedInterfaceOrientations = UIInterfaceOrientationPortrait;
				INFOPLIST_KEY_UISupportedInterfaceOrientations_iPad = "UIInterfaceOrientationLandscapeLeft UIInterfaceOrientationLandscapeRight UIInterfaceOrientationPortrait UIInterfaceOrientationPortraitUpsideDown";
				INFOPLIST_KEY_UIUserInterfaceStyle = Dark;
				IPHONEOS_DEPLOYMENT_TARGET = 13.0;
				LD_RUNPATH_SEARCH_PATHS = (
					"$(inherited)",
					"@executable_path/Frameworks",
				);
				MARKETING_VERSION = 1.0;
				PRODUCT_BUNDLE_IDENTIFIER = me.taneev.ImageFeed;
				PRODUCT_NAME = "$(TARGET_NAME)";
				SUPPORTED_PLATFORMS = "iphoneos iphonesimulator";
				SUPPORTS_MACCATALYST = NO;
				SUPPORTS_MAC_DESIGNED_FOR_IPHONE_IPAD = NO;
				SWIFT_EMIT_LOC_STRINGS = YES;
				SWIFT_VERSION = 5.0;
				TARGETED_DEVICE_FAMILY = 1;
			};
			name = Release;
		};
/* End XCBuildConfiguration section */

/* Begin XCConfigurationList section */
		22D997362A607CE900C07902 /* Build configuration list for PBXNativeTarget "ImageFeedTests" */ = {
			isa = XCConfigurationList;
			buildConfigurations = (
				22D997372A607CE900C07902 /* Debug */,
				22D997382A607CE900C07902 /* Release */,
			);
			defaultConfigurationIsVisible = 0;
			defaultConfigurationName = Release;
		};
		22D997492A64640800C07902 /* Build configuration list for PBXNativeTarget "ImageFeedUITests" */ = {
			isa = XCConfigurationList;
			buildConfigurations = (
				22D9974A2A64640800C07902 /* Debug */,
				22D9974B2A64640800C07902 /* Release */,
			);
			defaultConfigurationIsVisible = 0;
			defaultConfigurationName = Release;
		};
		22FDE71529FEB6B00089302F /* Build configuration list for PBXProject "ImageFeed" */ = {
			isa = XCConfigurationList;
			buildConfigurations = (
				22FDE72C29FEB6B20089302F /* Debug */,
				22FDE72D29FEB6B20089302F /* Release */,
			);
			defaultConfigurationIsVisible = 0;
			defaultConfigurationName = Release;
		};
		22FDE72E29FEB6B20089302F /* Build configuration list for PBXNativeTarget "ImageFeed" */ = {
			isa = XCConfigurationList;
			buildConfigurations = (
				22FDE72F29FEB6B20089302F /* Debug */,
				22FDE73029FEB6B20089302F /* Release */,
			);
			defaultConfigurationIsVisible = 0;
			defaultConfigurationName = Release;
		};
/* End XCConfigurationList section */

/* Begin XCRemoteSwiftPackageReference section */
		22305BA42A37613100D5B5AD /* XCRemoteSwiftPackageReference "Kingfisher" */ = {
			isa = XCRemoteSwiftPackageReference;
			repositoryURL = "https://github.com/onevcat/Kingfisher.git";
			requirement = {
				kind = upToNextMajorVersion;
				minimumVersion = 7.0.0;
			};
		};
		22305BA72A37A1DF00D5B5AD /* XCRemoteSwiftPackageReference "SwiftKeychainWrapper" */ = {
			isa = XCRemoteSwiftPackageReference;
			repositoryURL = "https://github.com/jrendel/SwiftKeychainWrapper";
			requirement = {
				kind = upToNextMajorVersion;
				minimumVersion = 4.0.0;
			};
		};
		229CE57A2A327867000A46E2 /* XCRemoteSwiftPackageReference "ProgressHUD" */ = {
			isa = XCRemoteSwiftPackageReference;
			repositoryURL = "https://github.com/relatedcode/ProgressHUD";
			requirement = {
				kind = upToNextMajorVersion;
				minimumVersion = 13.0.0;
			};
		};
/* End XCRemoteSwiftPackageReference section */

/* Begin XCSwiftPackageProductDependency section */
		22305BA52A37613100D5B5AD /* Kingfisher */ = {
			isa = XCSwiftPackageProductDependency;
			package = 22305BA42A37613100D5B5AD /* XCRemoteSwiftPackageReference "Kingfisher" */;
			productName = Kingfisher;
		};
		22305BA82A37A1DF00D5B5AD /* SwiftKeychainWrapper */ = {
			isa = XCSwiftPackageProductDependency;
			package = 22305BA72A37A1DF00D5B5AD /* XCRemoteSwiftPackageReference "SwiftKeychainWrapper" */;
			productName = SwiftKeychainWrapper;
		};
		229CE57B2A327867000A46E2 /* ProgressHUD */ = {
			isa = XCSwiftPackageProductDependency;
			package = 229CE57A2A327867000A46E2 /* XCRemoteSwiftPackageReference "ProgressHUD" */;
			productName = ProgressHUD;
		};
/* End XCSwiftPackageProductDependency section */
	};
	rootObject = 22FDE71229FEB6B00089302F /* Project object */;
}
